
Microsoft Visual Studio Solution File, Format Version 12.00
# Visual Studio Version 17
VisualStudioVersion = 17.2.32616.157
MinimumVisualStudioVersion = 10.0.40219.1
Project("{9A19103F-16F7-4668-BE54-9A1E7A4F7556}") = "Tasks", "Tasks.csproj", "{5A4B903A-EC28-49AF-9E06-D372B445F18E}"
EndProject
Project("{FAE04EC0-301F-11D3-BF4B-00C04F79EFBC}") = "Tests", "..\Tests\Tests.csproj", "{DA2BF48F-B987-4B86-A24E-FCF81971DD95}"
EndProject
Global
	GlobalSection(SolutionConfigurationPlatforms) = preSolution
		Debug|Any CPU = Debug|Any CPU
		Release|Any CPU = Release|Any CPU
	EndGlobalSection
	GlobalSection(ProjectConfigurationPlatforms) = postSolution
		{5A4B903A-EC28-49AF-9E06-D372B445F18E}.Debug|Any CPU.ActiveCfg = Debug|Any CPU
		{5A4B903A-EC28-49AF-9E06-D372B445F18E}.Debug|Any CPU.Build.0 = Debug|Any CPU
		{5A4B903A-EC28-49AF-9E06-D372B445F18E}.Release|Any CPU.ActiveCfg = Release|Any CPU
		{5A4B903A-EC28-49AF-9E06-D372B445F18E}.Release|Any CPU.Build.0 = Release|Any CPU
		{DA2BF48F-B987-4B86-A24E-FCF81971DD95}.Debug|Any CPU.ActiveCfg = Debug|Any CPU
		{DA2BF48F-B987-4B86-A24E-FCF81971DD95}.Debug|Any CPU.Build.0 = Debug|Any CPU
		{DA2BF48F-B987-4B86-A24E-FCF81971DD95}.Release|Any CPU.ActiveCfg = Release|Any CPU
		{DA2BF48F-B987-4B86-A24E-FCF81971DD95}.Release|Any CPU.Build.0 = Release|Any CPU
	EndGlobalSection
	GlobalSection(SolutionProperties) = preSolution
		HideSolutionNode = FALSE
	EndGlobalSection
	GlobalSection(ExtensibilityGlobals) = postSolution
		SolutionGuid = {D3C8E52A-78FF-4765-B949-99DD876AC338}
	EndGlobalSection
EndGlobal
